
Microsoft Visual Studio Solution File, Format Version 12.00
# Visual Studio Version 17
VisualStudioVersion = 17.0.31903.59
MinimumVisualStudioVersion = 10.0.40219.1
Project("{2150E333-8FDC-42A3-9474-1A3956D46DE8}") = "src", "src", "{46831C55-4856-4C36-9C23-2709B8D8D72D}"
EndProject
Project("{FAE04EC0-301F-11D3-BF4B-00C04F79EFBC}") = "ComicReliefCoreApi", "src\ComicReliefCoreApi\ComicReliefCoreApi.csproj", "{DB4E8501-76AD-4292-A568-A482A83DE63A}"
EndProject
Global
	GlobalSection(SolutionConfigurationPlatforms) = preSolution
		Debug|Any CPU = Debug|Any CPU
		Release|Any CPU = Release|Any CPU
	EndGlobalSection
	GlobalSection(SolutionProperties) = preSolution
		HideSolutionNode = FALSE
	EndGlobalSection
	GlobalSection(ProjectConfigurationPlatforms) = postSolution
		{DB4E8501-76AD-4292-A568-A482A83DE63A}.Debug|Any CPU.ActiveCfg = Debug|Any CPU
		{DB4E8501-76AD-4292-A568-A482A83DE63A}.Debug|Any CPU.Build.0 = Debug|Any CPU
		{DB4E8501-76AD-4292-A568-A482A83DE63A}.Release|Any CPU.ActiveCfg = Release|Any CPU
		{DB4E8501-76AD-4292-A568-A482A83DE63A}.Release|Any CPU.Build.0 = Release|Any CPU
	EndGlobalSection
	GlobalSection(NestedProjects) = preSolution
		{DB4E8501-76AD-4292-A568-A482A83DE63A} = {46831C55-4856-4C36-9C23-2709B8D8D72D}
	EndGlobalSection
EndGlobal
